// !$*UTF8*$!
{
	archiveVersion = 1;
	classes = {
	};
	objectVersion = 46;
	objects = {

/* Begin PBXBuildFile section */
		1C45C4E21F5EA61F007F5FB7 /* AppDelegate.swift in Sources */ = {isa = PBXBuildFile; fileRef = 1C45C4E11F5EA61F007F5FB7 /* AppDelegate.swift */; };
		1C45C4E41F5EA61F007F5FB7 /* ViewController.swift in Sources */ = {isa = PBXBuildFile; fileRef = 1C45C4E31F5EA61F007F5FB7 /* ViewController.swift */; };
		1C45C4E71F5EA61F007F5FB7 /* Main.storyboard in Resources */ = {isa = PBXBuildFile; fileRef = 1C45C4E51F5EA61F007F5FB7 /* Main.storyboard */; };
		1C45C4E91F5EA61F007F5FB7 /* Assets.xcassets in Resources */ = {isa = PBXBuildFile; fileRef = 1C45C4E81F5EA61F007F5FB7 /* Assets.xcassets */; };
		1C45C4EC1F5EA61F007F5FB7 /* LaunchScreen.storyboard in Resources */ = {isa = PBXBuildFile; fileRef = 1C45C4EA1F5EA61F007F5FB7 /* LaunchScreen.storyboard */; };
		1C45C4F71F5EA61F007F5FB7 /* NoStoryBoardTests.swift in Sources */ = {isa = PBXBuildFile; fileRef = 1C45C4F61F5EA61F007F5FB7 /* NoStoryBoardTests.swift */; };
		1C45C5021F5EA61F007F5FB7 /* NoStoryBoardUITests.swift in Sources */ = {isa = PBXBuildFile; fileRef = 1C45C5011F5EA61F007F5FB7 /* NoStoryBoardUITests.swift */; };
/* End PBXBuildFile section */

/* Begin PBXContainerItemProxy section */
		1C45C4F31F5EA61F007F5FB7 /* PBXContainerItemProxy */ = {
			isa = PBXContainerItemProxy;
			containerPortal = 1C45C4D61F5EA61F007F5FB7 /* Project object */;
			proxyType = 1;
			remoteGlobalIDString = 1C45C4DD1F5EA61F007F5FB7;
			remoteInfo = NoStoryBoard;
		};
		1C45C4FE1F5EA61F007F5FB7 /* PBXContainerItemProxy */ = {
			isa = PBXContainerItemProxy;
			containerPortal = 1C45C4D61F5EA61F007F5FB7 /* Project object */;
			proxyType = 1;
			remoteGlobalIDString = 1C45C4DD1F5EA61F007F5FB7;
			remoteInfo = NoStoryBoard;
		};
/* End PBXContainerItemProxy section */

/* Begin PBXFileReference section */
		1C45C4DE1F5EA61F007F5FB7 /* NoStoryBoard.app */ = {isa = PBXFileReference; explicitFileType = wrapper.application; includeInIndex = 0; path = NoStoryBoard.app; sourceTree = BUILT_PRODUCTS_DIR; };
		1C45C4E11F5EA61F007F5FB7 /* AppDelegate.swift */ = {isa = PBXFileReference; lastKnownFileType = sourcecode.swift; path = AppDelegate.swift; sourceTree = "<group>"; };
		1C45C4E31F5EA61F007F5FB7 /* ViewController.swift */ = {isa = PBXFileReference; lastKnownFileType = sourcecode.swift; path = ViewController.swift; sourceTree = "<group>"; };
		1C45C4E61F5EA61F007F5FB7 /* Base */ = {isa = PBXFileReference; lastKnownFileType = file.storyboard; name = Base; path = Base.lproj/Main.storyboard; sourceTree = "<group>"; };
		1C45C4E81F5EA61F007F5FB7 /* Assets.xcassets */ = {isa = PBXFileReference; lastKnownFileType = folder.assetcatalog; path = Assets.xcassets; sourceTree = "<group>"; };
		1C45C4EB1F5EA61F007F5FB7 /* Base */ = {isa = PBXFileReference; lastKnownFileType = file.storyboard; name = Base; path = Base.lproj/LaunchScreen.storyboard; sourceTree = "<group>"; };
		1C45C4ED1F5EA61F007F5FB7 /* Info.plist */ = {isa = PBXFileReference; lastKnownFileType = text.plist.xml; path = Info.plist; sourceTree = "<group>"; };
		1C45C4F21F5EA61F007F5FB7 /* NoStoryBoardTests.xctest */ = {isa = PBXFileReference; explicitFileType = wrapper.cfbundle; includeInIndex = 0; path = NoStoryBoardTests.xctest; sourceTree = BUILT_PRODUCTS_DIR; };
		1C45C4F61F5EA61F007F5FB7 /* NoStoryBoardTests.swift */ = {isa = PBXFileReference; lastKnownFileType = sourcecode.swift; path = NoStoryBoardTests.swift; sourceTree = "<group>"; };
		1C45C4F81F5EA61F007F5FB7 /* Info.plist */ = {isa = PBXFileReference; lastKnownFileType = text.plist.xml; path = Info.plist; sourceTree = "<group>"; };
		1C45C4FD1F5EA61F007F5FB7 /* NoStoryBoardUITests.xctest */ = {isa = PBXFileReference; explicitFileType = wrapper.cfbundle; includeInIndex = 0; path = NoStoryBoardUITests.xctest; sourceTree = BUILT_PRODUCTS_DIR; };
		1C45C5011F5EA61F007F5FB7 /* NoStoryBoardUITests.swift */ = {isa = PBXFileReference; lastKnownFileType = sourcecode.swift; path = NoStoryBoardUITests.swift; sourceTree = "<group>"; };
		1C45C5031F5EA61F007F5FB7 /* Info.plist */ = {isa = PBXFileReference; lastKnownFileType = text.plist.xml; path = Info.plist; sourceTree = "<group>"; };
/* End PBXFileReference section */

/* Begin PBXFrameworksBuildPhase section */
		1C45C4DB1F5EA61F007F5FB7 /* Frameworks */ = {
			isa = PBXFrameworksBuildPhase;
			buildActionMask = 2147483647;
			files = (
			);
			runOnlyForDeploymentPostprocessing = 0;
		};
		1C45C4EF1F5EA61F007F5FB7 /* Frameworks */ = {
			isa = PBXFrameworksBuildPhase;
			buildActionMask = 2147483647;
			files = (
			);
			runOnlyForDeploymentPostprocessing = 0;
		};
		1C45C4FA1F5EA61F007F5FB7 /* Frameworks */ = {
			isa = PBXFrameworksBuildPhase;
			buildActionMask = 2147483647;
			files = (
			);
			runOnlyForDeploymentPostprocessing = 0;
		};
/* End PBXFrameworksBuildPhase section */

/* Begin PBXGroup section */
		1C45C4D51F5EA61F007F5FB7 = {
			isa = PBXGroup;
			children = (
				1C45C4E01F5EA61F007F5FB7 /* NoStoryBoard */,
				1C45C4F51F5EA61F007F5FB7 /* NoStoryBoardTests */,
				1C45C5001F5EA61F007F5FB7 /* NoStoryBoardUITests */,
				1C45C4DF1F5EA61F007F5FB7 /* Products */,
			);
			sourceTree = "<group>";
		};
		1C45C4DF1F5EA61F007F5FB7 /* Products */ = {
			isa = PBXGroup;
			children = (
				1C45C4DE1F5EA61F007F5FB7 /* NoStoryBoard.app */,
				1C45C4F21F5EA61F007F5FB7 /* NoStoryBoardTests.xctest */,
				1C45C4FD1F5EA61F007F5FB7 /* NoStoryBoardUITests.xctest */,
			);
			name = Products;
			sourceTree = "<group>";
		};
		1C45C4E01F5EA61F007F5FB7 /* NoStoryBoard */ = {
			isa = PBXGroup;
			children = (
				1C45C4E11F5EA61F007F5FB7 /* AppDelegate.swift */,
				1C45C4E31F5EA61F007F5FB7 /* ViewController.swift */,
				1C45C4E51F5EA61F007F5FB7 /* Main.storyboard */,
				1C45C4E81F5EA61F007F5FB7 /* Assets.xcassets */,
				1C45C4EA1F5EA61F007F5FB7 /* LaunchScreen.storyboard */,
				1C45C4ED1F5EA61F007F5FB7 /* Info.plist */,
			);
			path = NoStoryBoard;
			sourceTree = "<group>";
		};
		1C45C4F51F5EA61F007F5FB7 /* NoStoryBoardTests */ = {
			isa = PBXGroup;
			children = (
				1C45C4F61F5EA61F007F5FB7 /* NoStoryBoardTests.swift */,
				1C45C4F81F5EA61F007F5FB7 /* Info.plist */,
			);
			path = NoStoryBoardTests;
			sourceTree = "<group>";
		};
		1C45C5001F5EA61F007F5FB7 /* NoStoryBoardUITests */ = {
			isa = PBXGroup;
			children = (
				1C45C5011F5EA61F007F5FB7 /* NoStoryBoardUITests.swift */,
				1C45C5031F5EA61F007F5FB7 /* Info.plist */,
			);
			path = NoStoryBoardUITests;
			sourceTree = "<group>";
		};
/* End PBXGroup section */

/* Begin PBXNativeTarget section */
		1C45C4DD1F5EA61F007F5FB7 /* NoStoryBoard */ = {
			isa = PBXNativeTarget;
			buildConfigurationList = 1C45C5061F5EA61F007F5FB7 /* Build configuration list for PBXNativeTarget "NoStoryBoard" */;
			buildPhases = (
				1C45C4DA1F5EA61F007F5FB7 /* Sources */,
				1C45C4DB1F5EA61F007F5FB7 /* Frameworks */,
				1C45C4DC1F5EA61F007F5FB7 /* Resources */,
			);
			buildRules = (
			);
			dependencies = (
			);
			name = NoStoryBoard;
			productName = NoStoryBoard;
			productReference = 1C45C4DE1F5EA61F007F5FB7 /* NoStoryBoard.app */;
			productType = "com.apple.product-type.application";
		};
		1C45C4F11F5EA61F007F5FB7 /* NoStoryBoardTests */ = {
			isa = PBXNativeTarget;
			buildConfigurationList = 1C45C5091F5EA61F007F5FB7 /* Build configuration list for PBXNativeTarget "NoStoryBoardTests" */;
			buildPhases = (
				1C45C4EE1F5EA61F007F5FB7 /* Sources */,
				1C45C4EF1F5EA61F007F5FB7 /* Frameworks */,
				1C45C4F01F5EA61F007F5FB7 /* Resources */,
			);
			buildRules = (
			);
			dependencies = (
				1C45C4F41F5EA61F007F5FB7 /* PBXTargetDependency */,
			);
			name = NoStoryBoardTests;
			productName = NoStoryBoardTests;
			productReference = 1C45C4F21F5EA61F007F5FB7 /* NoStoryBoardTests.xctest */;
			productType = "com.apple.product-type.bundle.unit-test";
		};
		1C45C4FC1F5EA61F007F5FB7 /* NoStoryBoardUITests */ = {
			isa = PBXNativeTarget;
			buildConfigurationList = 1C45C50C1F5EA61F007F5FB7 /* Build configuration list for PBXNativeTarget "NoStoryBoardUITests" */;
			buildPhases = (
				1C45C4F91F5EA61F007F5FB7 /* Sources */,
				1C45C4FA1F5EA61F007F5FB7 /* Frameworks */,
				1C45C4FB1F5EA61F007F5FB7 /* Resources */,
			);
			buildRules = (
			);
			dependencies = (
				1C45C4FF1F5EA61F007F5FB7 /* PBXTargetDependency */,
			);
			name = NoStoryBoardUITests;
			productName = NoStoryBoardUITests;
			productReference = 1C45C4FD1F5EA61F007F5FB7 /* NoStoryBoardUITests.xctest */;
			productType = "com.apple.product-type.bundle.ui-testing";
		};
/* End PBXNativeTarget section */

/* Begin PBXProject section */
		1C45C4D61F5EA61F007F5FB7 /* Project object */ = {
			isa = PBXProject;
			attributes = {
				LastSwiftUpdateCheck = 0830;
				LastUpgradeCheck = 0830;
				ORGANIZATIONNAME = "Deeksha Shenoy";
				TargetAttributes = {
					1C45C4DD1F5EA61F007F5FB7 = {
						CreatedOnToolsVersion = 8.3.2;
						ProvisioningStyle = Automatic;
					};
					1C45C4F11F5EA61F007F5FB7 = {
						CreatedOnToolsVersion = 8.3.2;
						ProvisioningStyle = Automatic;
						TestTargetID = 1C45C4DD1F5EA61F007F5FB7;
					};
					1C45C4FC1F5EA61F007F5FB7 = {
						CreatedOnToolsVersion = 8.3.2;
						ProvisioningStyle = Automatic;
						TestTargetID = 1C45C4DD1F5EA61F007F5FB7;
					};
				};
			};
			buildConfigurationList = 1C45C4D91F5EA61F007F5FB7 /* Build configuration list for PBXProject "NoStoryBoard" */;
			compatibilityVersion = "Xcode 3.2";
			developmentRegion = English;
			hasScannedForEncodings = 0;
			knownRegions = (
				en,
				Base,
			);
			mainGroup = 1C45C4D51F5EA61F007F5FB7;
			productRefGroup = 1C45C4DF1F5EA61F007F5FB7 /* Products */;
			projectDirPath = "";
			projectRoot = "";
			targets = (
				1C45C4DD1F5EA61F007F5FB7 /* NoStoryBoard */,
				1C45C4F11F5EA61F007F5FB7 /* NoStoryBoardTests */,
				1C45C4FC1F5EA61F007F5FB7 /* NoStoryBoardUITests */,
			);
		};
/* End PBXProject section */

/* Begin PBXResourcesBuildPhase section */
		1C45C4DC1F5EA61F007F5FB7 /* Resources */ = {
			isa = PBXResourcesBuildPhase;
			buildActionMask = 2147483647;
			files = (
				1C45C4EC1F5EA61F007F5FB7 /* LaunchScreen.storyboard in Resources */,
				1C45C4E91F5EA61F007F5FB7 /* Assets.xcassets in Resources */,
				1C45C4E71F5EA61F007F5FB7 /* Main.storyboard in Resources */,
			);
			runOnlyForDeploymentPostprocessing = 0;
		};
		1C45C4F01F5EA61F007F5FB7 /* Resources */ = {
			isa = PBXResourcesBuildPhase;
			buildActionMask = 2147483647;
			files = (
			);
			runOnlyForDeploymentPostprocessing = 0;
		};
		1C45C4FB1F5EA61F007F5FB7 /* Resources */ = {
			isa = PBXResourcesBuildPhase;
			buildActionMask = 2147483647;
			files = (
			);
			runOnlyForDeploymentPostprocessing = 0;
		};
/* End PBXResourcesBuildPhase section */

/* Begin PBXSourcesBuildPhase section */
		1C45C4DA1F5EA61F007F5FB7 /* Sources */ = {
			isa = PBXSourcesBuildPhase;
			buildActionMask = 2147483647;
			files = (
				1C45C4E41F5EA61F007F5FB7 /* ViewController.swift in Sources */,
				1C45C4E21F5EA61F007F5FB7 /* AppDelegate.swift in Sources */,
			);
			runOnlyForDeploymentPostprocessing = 0;
		};
		1C45C4EE1F5EA61F007F5FB7 /* Sources */ = {
			isa = PBXSourcesBuildPhase;
			buildActionMask = 2147483647;
			files = (
				1C45C4F71F5EA61F007F5FB7 /* NoStoryBoardTests.swift in Sources */,
			);
			runOnlyForDeploymentPostprocessing = 0;
		};
		1C45C4F91F5EA61F007F5FB7 /* Sources */ = {
			isa = PBXSourcesBuildPhase;
			buildActionMask = 2147483647;
			files = (
				1C45C5021F5EA61F007F5FB7 /* NoStoryBoardUITests.swift in Sources */,
			);
			runOnlyForDeploymentPostprocessing = 0;
		};
/* End PBXSourcesBuildPhase section */

/* Begin PBXTargetDependency section */
		1C45C4F41F5EA61F007F5FB7 /* PBXTargetDependency */ = {
			isa = PBXTargetDependency;
			target = 1C45C4DD1F5EA61F007F5FB7 /* NoStoryBoard */;
			targetProxy = 1C45C4F31F5EA61F007F5FB7 /* PBXContainerItemProxy */;
		};
		1C45C4FF1F5EA61F007F5FB7 /* PBXTargetDependency */ = {
			isa = PBXTargetDependency;
			target = 1C45C4DD1F5EA61F007F5FB7 /* NoStoryBoard */;
			targetProxy = 1C45C4FE1F5EA61F007F5FB7 /* PBXContainerItemProxy */;
		};
/* End PBXTargetDependency section */

/* Begin PBXVariantGroup section */
		1C45C4E51F5EA61F007F5FB7 /* Main.storyboard */ = {
			isa = PBXVariantGroup;
			children = (
				1C45C4E61F5EA61F007F5FB7 /* Base */,
			);
			name = Main.storyboard;
			sourceTree = "<group>";
		};
		1C45C4EA1F5EA61F007F5FB7 /* LaunchScreen.storyboard */ = {
			isa = PBXVariantGroup;
			children = (
				1C45C4EB1F5EA61F007F5FB7 /* Base */,
			);
			name = LaunchScreen.storyboard;
			sourceTree = "<group>";
		};
/* End PBXVariantGroup section */

/* Begin XCBuildConfiguration section */
		1C45C5041F5EA61F007F5FB7 /* Debug */ = {
			isa = XCBuildConfiguration;
			buildSettings = {
				ALWAYS_SEARCH_USER_PATHS = NO;
				CLANG_ANALYZER_NONNULL = YES;
				CLANG_ANALYZER_NUMBER_OBJECT_CONVERSION = YES_AGGRESSIVE;
				CLANG_CXX_LANGUAGE_STANDARD = "gnu++0x";
				CLANG_CXX_LIBRARY = "libc++";
				CLANG_ENABLE_MODULES = YES;
				CLANG_ENABLE_OBJC_ARC = YES;
				CLANG_WARN_BOOL_CONVERSION = YES;
				CLANG_WARN_CONSTANT_CONVERSION = YES;
				CLANG_WARN_DIRECT_OBJC_ISA_USAGE = YES_ERROR;
				CLANG_WARN_DOCUMENTATION_COMMENTS = YES;
				CLANG_WARN_EMPTY_BODY = YES;
				CLANG_WARN_ENUM_CONVERSION = YES;
				CLANG_WARN_INFINITE_RECURSION = YES;
				CLANG_WARN_INT_CONVERSION = YES;
				CLANG_WARN_OBJC_ROOT_CLASS = YES_ERROR;
				CLANG_WARN_SUSPICIOUS_MOVE = YES;
				CLANG_WARN_UNREACHABLE_CODE = YES;
				CLANG_WARN__DUPLICATE_METHOD_MATCH = YES;
				"CODE_SIGN_IDENTITY[sdk=iphoneos*]" = "iPhone Developer";
				COPY_PHASE_STRIP = NO;
				DEBUG_INFORMATION_FORMAT = dwarf;
				ENABLE_STRICT_OBJC_MSGSEND = YES;
				ENABLE_TESTABILITY = YES;
				GCC_C_LANGUAGE_STANDARD = gnu99;
				GCC_DYNAMIC_NO_PIC = NO;
				GCC_NO_COMMON_BLOCKS = YES;
				GCC_OPTIMIZATION_LEVEL = 0;
				GCC_PREPROCESSOR_DEFINITIONS = (
					"DEBUG=1",
					"$(inherited)",
				);
				GCC_WARN_64_TO_32_BIT_CONVERSION = YES;
				GCC_WARN_ABOUT_RETURN_TYPE = YES_ERROR;
				GCC_WARN_UNDECLARED_SELECTOR = YES;
				GCC_WARN_UNINITIALIZED_AUTOS = YES_AGGRESSIVE;
				GCC_WARN_UNUSED_FUNCTION = YES;
				GCC_WARN_UNUSED_VARIABLE = YES;
				IPHONEOS_DEPLOYMENT_TARGET = 10.3;
				MTL_ENABLE_DEBUG_INFO = YES;
				ONLY_ACTIVE_ARCH = YES;
				SDKROOT = iphoneos;
				SWIFT_ACTIVE_COMPILATION_CONDITIONS = DEBUG;
				SWIFT_OPTIMIZATION_LEVEL = "-Onone";
			};
			name = Debug;
		};
		1C45C5051F5EA61F007F5FB7 /* Release */ = {
			isa = XCBuildConfiguration;
			buildSettings = {
				ALWAYS_SEARCH_USER_PATHS = NO;
				CLANG_ANALYZER_NONNULL = YES;
				CLANG_ANALYZER_NUMBER_OBJECT_CONVERSION = YES_AGGRESSIVE;
				CLANG_CXX_LANGUAGE_STANDARD = "gnu++0x";
				CLANG_CXX_LIBRARY = "libc++";
				CLANG_ENABLE_MODULES = YES;
				CLANG_ENABLE_OBJC_ARC = YES;
				CLANG_WARN_BOOL_CONVERSION = YES;
				CLANG_WARN_CONSTANT_CONVERSION = YES;
				CLANG_WARN_DIRECT_OBJC_ISA_USAGE = YES_ERROR;
				CLANG_WARN_DOCUMENTATION_COMMENTS = YES;
				CLANG_WARN_EMPTY_BODY = YES;
				CLANG_WARN_ENUM_CONVERSION = YES;
				CLANG_WARN_INFINITE_RECURSION = YES;
				CLANG_WARN_INT_CONVERSION = YES;
				CLANG_WARN_OBJC_ROOT_CLASS = YES_ERROR;
				CLANG_WARN_SUSPICIOUS_MOVE = YES;
				CLANG_WARN_UNREACHABLE_CODE = YES;
				CLANG_WARN__DUPLICATE_METHOD_MATCH = YES;
				"CODE_SIGN_IDENTITY[sdk=iphoneos*]" = "iPhone Developer";
				COPY_PHASE_STRIP = NO;
				DEBUG_INFORMATION_FORMAT = "dwarf-with-dsym";
				ENABLE_NS_ASSERTIONS = NO;
				ENABLE_STRICT_OBJC_MSGSEND = YES;
				GCC_C_LANGUAGE_STANDARD = gnu99;
				GCC_NO_COMMON_BLOCKS = YES;
				GCC_WARN_64_TO_32_BIT_CONVERSION = YES;
				GCC_WARN_ABOUT_RETURN_TYPE = YES_ERROR;
				GCC_WARN_UNDECLARED_SELECTOR = YES;
				GCC_WARN_UNINITIALIZED_AUTOS = YES_AGGRESSIVE;
				GCC_WARN_UNUSED_FUNCTION = YES;
				GCC_WARN_UNUSED_VARIABLE = YES;
				IPHONEOS_DEPLOYMENT_TARGET = 10.3;
				MTL_ENABLE_DEBUG_INFO = NO;
				SDKROOT = iphoneos;
				SWIFT_OPTIMIZATION_LEVEL = "-Owholemodule";
				VALIDATE_PRODUCT = YES;
			};
			name = Release;
		};
		1C45C5071F5EA61F007F5FB7 /* Debug */ = {
			isa = XCBuildConfiguration;
			buildSettings = {
				ASSETCATALOG_COMPILER_APPICON_NAME = AppIcon;
				INFOPLIST_FILE = NoStoryBoard/Info.plist;
				LD_RUNPATH_SEARCH_PATHS = "$(inherited) @executable_path/Frameworks";
				PRODUCT_BUNDLE_IDENTIFIER = yml.NoStoryBoard;
				PRODUCT_NAME = "$(TARGET_NAME)";
				SWIFT_VERSION = 3.0;
			};
			name = Debug;
		};
		1C45C5081F5EA61F007F5FB7 /* Release */ = {
			isa = XCBuildConfiguration;
			buildSettings = {
				ASSETCATALOG_COMPILER_APPICON_NAME = AppIcon;
				INFOPLIST_FILE = NoStoryBoard/Info.plist;
				LD_RUNPATH_SEARCH_PATHS = "$(inherited) @executable_path/Frameworks";
				PRODUCT_BUNDLE_IDENTIFIER = yml.NoStoryBoard;
				PRODUCT_NAME = "$(TARGET_NAME)";
				SWIFT_VERSION = 3.0;
			};
			name = Release;
		};
		1C45C50A1F5EA61F007F5FB7 /* Debug */ = {
			isa = XCBuildConfiguration;
			buildSettings = {
				ALWAYS_EMBED_SWIFT_STANDARD_LIBRARIES = YES;
				BUNDLE_LOADER = "$(TEST_HOST)";
				INFOPLIST_FILE = NoStoryBoardTests/Info.plist;
				LD_RUNPATH_SEARCH_PATHS = "$(inherited) @executable_path/Frameworks @loader_path/Frameworks";
				PRODUCT_BUNDLE_IDENTIFIER = yml.NoStoryBoardTests;
				PRODUCT_NAME = "$(TARGET_NAME)";
				SWIFT_VERSION = 3.0;
				TEST_HOST = "$(BUILT_PRODUCTS_DIR)/NoStoryBoard.app/NoStoryBoard";
			};
			name = Debug;
		};
		1C45C50B1F5EA61F007F5FB7 /* Release */ = {
			isa = XCBuildConfiguration;
			buildSettings = {
				ALWAYS_EMBED_SWIFT_STANDARD_LIBRARIES = YES;
				BUNDLE_LOADER = "$(TEST_HOST)";
				INFOPLIST_FILE = NoStoryBoardTests/Info.plist;
				LD_RUNPATH_SEARCH_PATHS = "$(inherited) @executable_path/Frameworks @loader_path/Frameworks";
				PRODUCT_BUNDLE_IDENTIFIER = yml.NoStoryBoardTests;
				PRODUCT_NAME = "$(TARGET_NAME)";
				SWIFT_VERSION = 3.0;
				TEST_HOST = "$(BUILT_PRODUCTS_DIR)/NoStoryBoard.app/NoStoryBoard";
			};
			name = Release;
		};
		1C45C50D1F5EA61F007F5FB7 /* Debug */ = {
			isa = XCBuildConfiguration;
			buildSettings = {
				ALWAYS_EMBED_SWIFT_STANDARD_LIBRARIES = YES;
				INFOPLIST_FILE = NoStoryBoardUITests/Info.plist;
				LD_RUNPATH_SEARCH_PATHS = "$(inherited) @executable_path/Frameworks @loader_path/Frameworks";
				PRODUCT_BUNDLE_IDENTIFIER = yml.NoStoryBoardUITests;
				PRODUCT_NAME = "$(TARGET_NAME)";
				SWIFT_VERSION = 3.0;
				TEST_TARGET_NAME = NoStoryBoard;
			};
			name = Debug;
		};
		1C45C50E1F5EA61F007F5FB7 /* Release */ = {
			isa = XCBuildConfiguration;
			buildSettings = {
				ALWAYS_EMBED_SWIFT_STANDARD_LIBRARIES = YES;
				INFOPLIST_FILE = NoStoryBoardUITests/Info.plist;
				LD_RUNPATH_SEARCH_PATHS = "$(inherited) @executable_path/Frameworks @loader_path/Frameworks";
				PRODUCT_BUNDLE_IDENTIFIER = yml.NoStoryBoardUITests;
				PRODUCT_NAME = "$(TARGET_NAME)";
				SWIFT_VERSION = 3.0;
				TEST_TARGET_NAME = NoStoryBoard;
			};
			name = Release;
		};
/* End XCBuildConfiguration section */

/* Begin XCConfigurationList section */
		1C45C4D91F5EA61F007F5FB7 /* Build configuration list for PBXProject "NoStoryBoard" */ = {
			isa = XCConfigurationList;
			buildConfigurations = (
				1C45C5041F5EA61F007F5FB7 /* Debug */,
				1C45C5051F5EA61F007F5FB7 /* Release */,
			);
			defaultConfigurationIsVisible = 0;
			defaultConfigurationName = Release;
		};
		1C45C5061F5EA61F007F5FB7 /* Build configuration list for PBXNativeTarget "NoStoryBoard" */ = {
			isa = XCConfigurationList;
			buildConfigurations = (
				1C45C5071F5EA61F007F5FB7 /* Debug */,
				1C45C5081F5EA61F007F5FB7 /* Release */,
			);
			defaultConfigurationIsVisible = 0;
		};
		1C45C5091F5EA61F007F5FB7 /* Build configuration list for PBXNativeTarget "NoStoryBoardTests" */ = {
			isa = XCConfigurationList;
			buildConfigurations = (
				1C45C50A1F5EA61F007F5FB7 /* Debug */,
				1C45C50B1F5EA61F007F5FB7 /* Release */,
			);
			defaultConfigurationIsVisible = 0;
		};
		1C45C50C1F5EA61F007F5FB7 /* Build configuration list for PBXNativeTarget "NoStoryBoardUITests" */ = {
			isa = XCConfigurationList;
			buildConfigurations = (
				1C45C50D1F5EA61F007F5FB7 /* Debug */,
				1C45C50E1F5EA61F007F5FB7 /* Release */,
			);
			defaultConfigurationIsVisible = 0;
		};
/* End XCConfigurationList section */
	};
	rootObject = 1C45C4D61F5EA61F007F5FB7 /* Project object */;
}
